// !$*UTF8*$!
{
	archiveVersion = 1;
	classes = {
	};
	objectVersion = 46;
	objects = {

/* Begin PBXBuildFile section */
		C8FDBF5B1B82D9EB00E9F57B /* AppDelegate.swift in Sources */ = {isa = PBXBuildFile; fileRef = C8FDBF5A1B82D9EB00E9F57B /* AppDelegate.swift */; };
		C8FDBF5E1B82D9EC00E9F57B /* presoraka.xcdatamodeld in Sources */ = {isa = PBXBuildFile; fileRef = C8FDBF5C1B82D9EC00E9F57B /* presoraka.xcdatamodeld */; };
		C8FDBF601B82D9EC00E9F57B /* ViewController.swift in Sources */ = {isa = PBXBuildFile; fileRef = C8FDBF5F1B82D9EC00E9F57B /* ViewController.swift */; };
		C8FDBF631B82D9EC00E9F57B /* Main.storyboard in Resources */ = {isa = PBXBuildFile; fileRef = C8FDBF611B82D9EC00E9F57B /* Main.storyboard */; };
		C8FDBF651B82D9EC00E9F57B /* Images.xcassets in Resources */ = {isa = PBXBuildFile; fileRef = C8FDBF641B82D9EC00E9F57B /* Images.xcassets */; };
		C8FDBF681B82D9EC00E9F57B /* LaunchScreen.xib in Resources */ = {isa = PBXBuildFile; fileRef = C8FDBF661B82D9EC00E9F57B /* LaunchScreen.xib */; };
		C8FDBF741B82D9EC00E9F57B /* presorakaTests.swift in Sources */ = {isa = PBXBuildFile; fileRef = C8FDBF731B82D9EC00E9F57B /* presorakaTests.swift */; };
/* End PBXBuildFile section */

/* Begin PBXContainerItemProxy section */
		C8FDBF6E1B82D9EC00E9F57B /* PBXContainerItemProxy */ = {
			isa = PBXContainerItemProxy;
			containerPortal = C8FDBF4D1B82D9EB00E9F57B /* Project object */;
			proxyType = 1;
			remoteGlobalIDString = C8FDBF541B82D9EB00E9F57B;
			remoteInfo = presoraka;
		};
/* End PBXContainerItemProxy section */

/* Begin PBXFileReference section */
		C8FDBF551B82D9EB00E9F57B /* presoraka.app */ = {isa = PBXFileReference; explicitFileType = wrapper.application; includeInIndex = 0; path = presoraka.app; sourceTree = BUILT_PRODUCTS_DIR; };
		C8FDBF591B82D9EB00E9F57B /* Info.plist */ = {isa = PBXFileReference; lastKnownFileType = text.plist.xml; path = Info.plist; sourceTree = "<group>"; };
		C8FDBF5A1B82D9EB00E9F57B /* AppDelegate.swift */ = {isa = PBXFileReference; lastKnownFileType = sourcecode.swift; path = AppDelegate.swift; sourceTree = "<group>"; };
		C8FDBF5D1B82D9EC00E9F57B /* presoraka.xcdatamodel */ = {isa = PBXFileReference; lastKnownFileType = wrapper.xcdatamodel; path = presoraka.xcdatamodel; sourceTree = "<group>"; };
		C8FDBF5F1B82D9EC00E9F57B /* ViewController.swift */ = {isa = PBXFileReference; lastKnownFileType = sourcecode.swift; path = ViewController.swift; sourceTree = "<group>"; };
		C8FDBF621B82D9EC00E9F57B /* Base */ = {isa = PBXFileReference; lastKnownFileType = file.storyboard; name = Base; path = Base.lproj/Main.storyboard; sourceTree = "<group>"; };
		C8FDBF641B82D9EC00E9F57B /* Images.xcassets */ = {isa = PBXFileReference; lastKnownFileType = folder.assetcatalog; path = Images.xcassets; sourceTree = "<group>"; };
		C8FDBF671B82D9EC00E9F57B /* Base */ = {isa = PBXFileReference; lastKnownFileType = file.xib; name = Base; path = Base.lproj/LaunchScreen.xib; sourceTree = "<group>"; };
		C8FDBF6D1B82D9EC00E9F57B /* presorakaTests.xctest */ = {isa = PBXFileReference; explicitFileType = wrapper.cfbundle; includeInIndex = 0; path = presorakaTests.xctest; sourceTree = BUILT_PRODUCTS_DIR; };
		C8FDBF721B82D9EC00E9F57B /* Info.plist */ = {isa = PBXFileReference; lastKnownFileType = text.plist.xml; path = Info.plist; sourceTree = "<group>"; };
		C8FDBF731B82D9EC00E9F57B /* presorakaTests.swift */ = {isa = PBXFileReference; lastKnownFileType = sourcecode.swift; path = presorakaTests.swift; sourceTree = "<group>"; };
/* End PBXFileReference section */

/* Begin PBXFrameworksBuildPhase section */
		C8FDBF521B82D9EB00E9F57B /* Frameworks */ = {
			isa = PBXFrameworksBuildPhase;
			buildActionMask = 2147483647;
			files = (
			);
			runOnlyForDeploymentPostprocessing = 0;
		};
		C8FDBF6A1B82D9EC00E9F57B /* Frameworks */ = {
			isa = PBXFrameworksBuildPhase;
			buildActionMask = 2147483647;
			files = (
			);
			runOnlyForDeploymentPostprocessing = 0;
		};
/* End PBXFrameworksBuildPhase section */

/* Begin PBXGroup section */
		C8FDBF4C1B82D9EB00E9F57B = {
			isa = PBXGroup;
			children = (
				C8FDBF571B82D9EB00E9F57B /* presoraka */,
				C8FDBF701B82D9EC00E9F57B /* presorakaTests */,
				C8FDBF561B82D9EB00E9F57B /* Products */,
			);
			sourceTree = "<group>";
		};
		C8FDBF561B82D9EB00E9F57B /* Products */ = {
			isa = PBXGroup;
			children = (
				C8FDBF551B82D9EB00E9F57B /* presoraka.app */,
				C8FDBF6D1B82D9EC00E9F57B /* presorakaTests.xctest */,
			);
			name = Products;
			sourceTree = "<group>";
		};
		C8FDBF571B82D9EB00E9F57B /* presoraka */ = {
			isa = PBXGroup;
			children = (
				C8FDBF5A1B82D9EB00E9F57B /* AppDelegate.swift */,
				C8FDBF5F1B82D9EC00E9F57B /* ViewController.swift */,
				C8FDBF611B82D9EC00E9F57B /* Main.storyboard */,
				C8FDBF641B82D9EC00E9F57B /* Images.xcassets */,
				C8FDBF661B82D9EC00E9F57B /* LaunchScreen.xib */,
				C8FDBF5C1B82D9EC00E9F57B /* presoraka.xcdatamodeld */,
				C8FDBF581B82D9EB00E9F57B /* Supporting Files */,
			);
			path = presoraka;
			sourceTree = "<group>";
		};
		C8FDBF581B82D9EB00E9F57B /* Supporting Files */ = {
			isa = PBXGroup;
			children = (
				C8FDBF591B82D9EB00E9F57B /* Info.plist */,
			);
			name = "Supporting Files";
			sourceTree = "<group>";
		};
		C8FDBF701B82D9EC00E9F57B /* presorakaTests */ = {
			isa = PBXGroup;
			children = (
				C8FDBF731B82D9EC00E9F57B /* presorakaTests.swift */,
				C8FDBF711B82D9EC00E9F57B /* Supporting Files */,
			);
			path = presorakaTests;
			sourceTree = "<group>";
		};
		C8FDBF711B82D9EC00E9F57B /* Supporting Files */ = {
			isa = PBXGroup;
			children = (
				C8FDBF721B82D9EC00E9F57B /* Info.plist */,
			);
			name = "Supporting Files";
			sourceTree = "<group>";
		};
/* End PBXGroup section */

/* Begin PBXNativeTarget section */
		C8FDBF541B82D9EB00E9F57B /* presoraka */ = {
			isa = PBXNativeTarget;
			buildConfigurationList = C8FDBF771B82D9EC00E9F57B /* Build configuration list for PBXNativeTarget "presoraka" */;
			buildPhases = (
				C8FDBF511B82D9EB00E9F57B /* Sources */,
				C8FDBF521B82D9EB00E9F57B /* Frameworks */,
				C8FDBF531B82D9EB00E9F57B /* Resources */,
			);
			buildRules = (
			);
			dependencies = (
			);
			name = presoraka;
			productName = presoraka;
			productReference = C8FDBF551B82D9EB00E9F57B /* presoraka.app */;
			productType = "com.apple.product-type.application";
		};
		C8FDBF6C1B82D9EC00E9F57B /* presorakaTests */ = {
			isa = PBXNativeTarget;
			buildConfigurationList = C8FDBF7A1B82D9EC00E9F57B /* Build configuration list for PBXNativeTarget "presorakaTests" */;
			buildPhases = (
				C8FDBF691B82D9EC00E9F57B /* Sources */,
				C8FDBF6A1B82D9EC00E9F57B /* Frameworks */,
				C8FDBF6B1B82D9EC00E9F57B /* Resources */,
			);
			buildRules = (
			);
			dependencies = (
				C8FDBF6F1B82D9EC00E9F57B /* PBXTargetDependency */,
			);
			name = presorakaTests;
			productName = presorakaTests;
			productReference = C8FDBF6D1B82D9EC00E9F57B /* presorakaTests.xctest */;
			productType = "com.apple.product-type.bundle.unit-test";
		};
/* End PBXNativeTarget section */

/* Begin PBXProject section */
		C8FDBF4D1B82D9EB00E9F57B /* Project object */ = {
			isa = PBXProject;
			attributes = {
				LastUpgradeCheck = 0640;
				ORGANIZATIONNAME = msxt;
				TargetAttributes = {
					C8FDBF541B82D9EB00E9F57B = {
						CreatedOnToolsVersion = 6.4;
					};
					C8FDBF6C1B82D9EC00E9F57B = {
						CreatedOnToolsVersion = 6.4;
						TestTargetID = C8FDBF541B82D9EB00E9F57B;
					};
				};
			};
			buildConfigurationList = C8FDBF501B82D9EB00E9F57B /* Build configuration list for PBXProject "presoraka" */;
			compatibilityVersion = "Xcode 3.2";
			developmentRegion = English;
			hasScannedForEncodings = 0;
			knownRegions = (
				en,
				Base,
			);
			mainGroup = C8FDBF4C1B82D9EB00E9F57B;
			productRefGroup = C8FDBF561B82D9EB00E9F57B /* Products */;
			projectDirPath = "";
			projectRoot = "";
			targets = (
				C8FDBF541B82D9EB00E9F57B /* presoraka */,
				C8FDBF6C1B82D9EC00E9F57B /* presorakaTests */,
			);
		};
/* End PBXProject section */

/* Begin PBXResourcesBuildPhase section */
		C8FDBF531B82D9EB00E9F57B /* Resources */ = {
			isa = PBXResourcesBuildPhase;
			buildActionMask = 2147483647;
			files = (
				C8FDBF631B82D9EC00E9F57B /* Main.storyboard in Resources */,
				C8FDBF681B82D9EC00E9F57B /* LaunchScreen.xib in Resources */,
				C8FDBF651B82D9EC00E9F57B /* Images.xcassets in Resources */,
			);
			runOnlyForDeploymentPostprocessing = 0;
		};
		C8FDBF6B1B82D9EC00E9F57B /* Resources */ = {
			isa = PBXResourcesBuildPhase;
			buildActionMask = 2147483647;
			files = (
			);
			runOnlyForDeploymentPostprocessing = 0;
		};
/* End PBXResourcesBuildPhase section */

/* Begin PBXSourcesBuildPhase section */
		C8FDBF511B82D9EB00E9F57B /* Sources */ = {
			isa = PBXSourcesBuildPhase;
			buildActionMask = 2147483647;
			files = (
				C8FDBF601B82D9EC00E9F57B /* ViewController.swift in Sources */,
				C8FDBF5E1B82D9EC00E9F57B /* presoraka.xcdatamodeld in Sources */,
				C8FDBF5B1B82D9EB00E9F57B /* AppDelegate.swift in Sources */,
			);
			runOnlyForDeploymentPostprocessing = 0;
		};
		C8FDBF691B82D9EC00E9F57B /* Sources */ = {
			isa = PBXSourcesBuildPhase;
			buildActionMask = 2147483647;
			files = (
				C8FDBF741B82D9EC00E9F57B /* presorakaTests.swift in Sources */,
			);
			runOnlyForDeploymentPostprocessing = 0;
		};
/* End PBXSourcesBuildPhase section */

/* Begin PBXTargetDependency section */
		C8FDBF6F1B82D9EC00E9F57B /* PBXTargetDependency */ = {
			isa = PBXTargetDependency;
			target = C8FDBF541B82D9EB00E9F57B /* presoraka */;
			targetProxy = C8FDBF6E1B82D9EC00E9F57B /* PBXContainerItemProxy */;
		};
/* End PBXTargetDependency section */

/* Begin PBXVariantGroup section */
		C8FDBF611B82D9EC00E9F57B /* Main.storyboard */ = {
			isa = PBXVariantGroup;
			children = (
				C8FDBF621B82D9EC00E9F57B /* Base */,
			);
			name = Main.storyboard;
			sourceTree = "<group>";
		};
		C8FDBF661B82D9EC00E9F57B /* LaunchScreen.xib */ = {
			isa = PBXVariantGroup;
			children = (
				C8FDBF671B82D9EC00E9F57B /* Base */,
			);
			name = LaunchScreen.xib;
			sourceTree = "<group>";
		};
/* End PBXVariantGroup section */

/* Begin XCBuildConfiguration section */
		C8FDBF751B82D9EC00E9F57B /* Debug */ = {
			isa = XCBuildConfiguration;
			buildSettings = {
				ALWAYS_SEARCH_USER_PATHS = NO;
				CLANG_CXX_LANGUAGE_STANDARD = "gnu++0x";
				CLANG_CXX_LIBRARY = "libc++";
				CLANG_ENABLE_MODULES = YES;
				CLANG_ENABLE_OBJC_ARC = YES;
				CLANG_WARN_BOOL_CONVERSION = YES;
				CLANG_WARN_CONSTANT_CONVERSION = YES;
				CLANG_WARN_DIRECT_OBJC_ISA_USAGE = YES_ERROR;
				CLANG_WARN_EMPTY_BODY = YES;
				CLANG_WARN_ENUM_CONVERSION = YES;
				CLANG_WARN_INT_CONVERSION = YES;
				CLANG_WARN_OBJC_ROOT_CLASS = YES_ERROR;
				CLANG_WARN_UNREACHABLE_CODE = YES;
				CLANG_WARN__DUPLICATE_METHOD_MATCH = YES;
				"CODE_SIGN_IDENTITY[sdk=iphoneos*]" = "iPhone Developer";
				COPY_PHASE_STRIP = NO;
				DEBUG_INFORMATION_FORMAT = "dwarf-with-dsym";
				ENABLE_STRICT_OBJC_MSGSEND = YES;
				GCC_C_LANGUAGE_STANDARD = gnu99;
				GCC_DYNAMIC_NO_PIC = NO;
				GCC_NO_COMMON_BLOCKS = YES;
				GCC_OPTIMIZATION_LEVEL = 0;
				GCC_PREPROCESSOR_DEFINITIONS = (
					"DEBUG=1",
					"$(inherited)",
				);
				GCC_SYMBOLS_PRIVATE_EXTERN = NO;
				GCC_WARN_64_TO_32_BIT_CONVERSION = YES;
				GCC_WARN_ABOUT_RETURN_TYPE = YES_ERROR;
				GCC_WARN_UNDECLARED_SELECTOR = YES;
				GCC_WARN_UNINITIALIZED_AUTOS = YES_AGGRESSIVE;
				GCC_WARN_UNUSED_FUNCTION = YES;
				GCC_WARN_UNUSED_VARIABLE = YES;
				IPHONEOS_DEPLOYMENT_TARGET = 8.4;
				MTL_ENABLE_DEBUG_INFO = YES;
				ONLY_ACTIVE_ARCH = YES;
				SDKROOT = iphoneos;
				SWIFT_OPTIMIZATION_LEVEL = "-Onone";
			};
			name = Debug;
		};
		C8FDBF761B82D9EC00E9F57B /* Release */ = {
			isa = XCBuildConfiguration;
			buildSettings = {
				ALWAYS_SEARCH_USER_PATHS = NO;
				CLANG_CXX_LANGUAGE_STANDARD = "gnu++0x";
				CLANG_CXX_LIBRARY = "libc++";
				CLANG_ENABLE_MODULES = YES;
				CLANG_ENABLE_OBJC_ARC = YES;
				CLANG_WARN_BOOL_CONVERSION = YES;
				CLANG_WARN_CONSTANT_CONVERSION = YES;
				CLANG_WARN_DIRECT_OBJC_ISA_USAGE = YES_ERROR;
				CLANG_WARN_EMPTY_BODY = YES;
				CLANG_WARN_ENUM_CONVERSION = YES;
				CLANG_WARN_INT_CONVERSION = YES;
				CLANG_WARN_OBJC_ROOT_CLASS = YES_ERROR;
				CLANG_WARN_UNREACHABLE_CODE = YES;
				CLANG_WARN__DUPLICATE_METHOD_MATCH = YES;
				"CODE_SIGN_IDENTITY[sdk=iphoneos*]" = "iPhone Developer";
				COPY_PHASE_STRIP = NO;
				DEBUG_INFORMATION_FORMAT = "dwarf-with-dsym";
				ENABLE_NS_ASSERTIONS = NO;
				ENABLE_STRICT_OBJC_MSGSEND = YES;
				GCC_C_LANGUAGE_STANDARD = gnu99;
				GCC_NO_COMMON_BLOCKS = YES;
				GCC_WARN_64_TO_32_BIT_CONVERSION = YES;
				GCC_WARN_ABOUT_RETURN_TYPE = YES_ERROR;
				GCC_WARN_UNDECLARED_SELECTOR = YES;
				GCC_WARN_UNINITIALIZED_AUTOS = YES_AGGRESSIVE;
				GCC_WARN_UNUSED_FUNCTION = YES;
				GCC_WARN_UNUSED_VARIABLE = YES;
				IPHONEOS_DEPLOYMENT_TARGET = 8.4;
				MTL_ENABLE_DEBUG_INFO = NO;
				SDKROOT = iphoneos;
				VALIDATE_PRODUCT = YES;
			};
			name = Release;
		};
		C8FDBF781B82D9EC00E9F57B /* Debug */ = {
			isa = XCBuildConfiguration;
			buildSettings = {
				ASSETCATALOG_COMPILER_APPICON_NAME = AppIcon;
				INFOPLIST_FILE = presoraka/Info.plist;
				LD_RUNPATH_SEARCH_PATHS = "$(inherited) @executable_path/Frameworks";
				PRODUCT_NAME = "$(TARGET_NAME)";
			};
			name = Debug;
		};
		C8FDBF791B82D9EC00E9F57B /* Release */ = {
			isa = XCBuildConfiguration;
			buildSettings = {
				ASSETCATALOG_COMPILER_APPICON_NAME = AppIcon;
				INFOPLIST_FILE = presoraka/Info.plist;
				LD_RUNPATH_SEARCH_PATHS = "$(inherited) @executable_path/Frameworks";
				PRODUCT_NAME = "$(TARGET_NAME)";
			};
			name = Release;
		};
		C8FDBF7B1B82D9EC00E9F57B /* Debug */ = {
			isa = XCBuildConfiguration;
			buildSettings = {
				BUNDLE_LOADER = "$(TEST_HOST)";
				FRAMEWORK_SEARCH_PATHS = (
					"$(SDKROOT)/Developer/Library/Frameworks",
					"$(inherited)",
				);
				GCC_PREPROCESSOR_DEFINITIONS = (
					"DEBUG=1",
					"$(inherited)",
				);
				INFOPLIST_FILE = presorakaTests/Info.plist;
				LD_RUNPATH_SEARCH_PATHS = "$(inherited) @executable_path/Frameworks @loader_path/Frameworks";
				PRODUCT_NAME = "$(TARGET_NAME)";
				TEST_HOST = "$(BUILT_PRODUCTS_DIR)/presoraka.app/presoraka";
			};
			name = Debug;
		};
		C8FDBF7C1B82D9EC00E9F57B /* Release */ = {
			isa = XCBuildConfiguration;
			buildSettings = {
				BUNDLE_LOADER = "$(TEST_HOST)";
				FRAMEWORK_SEARCH_PATHS = (
					"$(SDKROOT)/Developer/Library/Frameworks",
					"$(inherited)",
				);
				INFOPLIST_FILE = presorakaTests/Info.plist;
				LD_RUNPATH_SEARCH_PATHS = "$(inherited) @executable_path/Frameworks @loader_path/Frameworks";
				PRODUCT_NAME = "$(TARGET_NAME)";
				TEST_HOST = "$(BUILT_PRODUCTS_DIR)/presoraka.app/presoraka";
			};
			name = Release;
		};
/* End XCBuildConfiguration section */

/* Begin XCConfigurationList section */
		C8FDBF501B82D9EB00E9F57B /* Build configuration list for PBXProject "presoraka" */ = {
			isa = XCConfigurationList;
			buildConfigurations = (
				C8FDBF751B82D9EC00E9F57B /* Debug */,
				C8FDBF761B82D9EC00E9F57B /* Release */,
			);
			defaultConfigurationIsVisible = 0;
			defaultConfigurationName = Release;
		};
		C8FDBF771B82D9EC00E9F57B /* Build configuration list for PBXNativeTarget "presoraka" */ = {
			isa = XCConfigurationList;
			buildConfigurations = (
				C8FDBF781B82D9EC00E9F57B /* Debug */,
				C8FDBF791B82D9EC00E9F57B /* Release */,
			);
			defaultConfigurationIsVisible = 0;
		};
		C8FDBF7A1B82D9EC00E9F57B /* Build configuration list for PBXNativeTarget "presorakaTests" */ = {
			isa = XCConfigurationList;
			buildConfigurations = (
				C8FDBF7B1B82D9EC00E9F57B /* Debug */,
				C8FDBF7C1B82D9EC00E9F57B /* Release */,
			);
			defaultConfigurationIsVisible = 0;
		};
/* End XCConfigurationList section */

/* Begin XCVersionGroup section */
		C8FDBF5C1B82D9EC00E9F57B /* presoraka.xcdatamodeld */ = {
			isa = XCVersionGroup;
			children = (
				C8FDBF5D1B82D9EC00E9F57B /* presoraka.xcdatamodel */,
			);
			currentVersion = C8FDBF5D1B82D9EC00E9F57B /* presoraka.xcdatamodel */;
			path = presoraka.xcdatamodeld;
			sourceTree = "<group>";
			versionGroupType = wrapper.xcdatamodel;
		};
/* End XCVersionGroup section */
	};
	rootObject = C8FDBF4D1B82D9EB00E9F57B /* Project object */;
}
